
Microsoft Visual Studio Solution File, Format Version 12.00
# Visual Studio 15
VisualStudioVersion = 15.0.27130.2010
MinimumVisualStudioVersion = 10.0.40219.1
Project("{9A19103F-16F7-4668-BE54-9A1E7A4F7556}") = "MDACSDatabase", "MDACSDatabase\MDACSDatabase.csproj", "{673B4075-9C84-43BA-9347-4AD82D0E6712}"
EndProject
Project("{9A19103F-16F7-4668-BE54-9A1E7A4F7556}") = "MDACSHTTPServer", "MDACSHTTPServer\MDACSHTTPServer.csproj", "{E1EBC278-696D-44BD-AED8-9CC0660540C0}"
EndProject
Project("{9A19103F-16F7-4668-BE54-9A1E7A4F7556}") = "MDACSApp", "MDACSApp\MDACSApp.csproj", "{7B3EC33E-4BC6-4321-9BF5-53131BAC4C83}"
EndProject
Project("{9A19103F-16F7-4668-BE54-9A1E7A4F7556}") = "MDACSAPI", "MDACSAPI\MDACSAPI.csproj", "{61DC6C85-DDBF-496C-A001-E66E5356B301}"
EndProject
Global
	GlobalSection(SolutionConfigurationPlatforms) = preSolution
		Debug|Any CPU = Debug|Any CPU
		Release|Any CPU = Release|Any CPU
	EndGlobalSection
	GlobalSection(ProjectConfigurationPlatforms) = postSolution
		{673B4075-9C84-43BA-9347-4AD82D0E6712}.Debug|Any CPU.ActiveCfg = Release|Any CPU
		{673B4075-9C84-43BA-9347-4AD82D0E6712}.Debug|Any CPU.Build.0 = Release|Any CPU
		{673B4075-9C84-43BA-9347-4AD82D0E6712}.Release|Any CPU.ActiveCfg = Release|Any CPU
		{673B4075-9C84-43BA-9347-4AD82D0E6712}.Release|Any CPU.Build.0 = Release|Any CPU
		{E1EBC278-696D-44BD-AED8-9CC0660540C0}.Debug|Any CPU.ActiveCfg = Release|Any CPU
		{E1EBC278-696D-44BD-AED8-9CC0660540C0}.Debug|Any CPU.Build.0 = Release|Any CPU
		{E1EBC278-696D-44BD-AED8-9CC0660540C0}.Release|Any CPU.ActiveCfg = Release|Any CPU
		{E1EBC278-696D-44BD-AED8-9CC0660540C0}.Release|Any CPU.Build.0 = Release|Any CPU
		{7B3EC33E-4BC6-4321-9BF5-53131BAC4C83}.Debug|Any CPU.ActiveCfg = Debug|Any CPU
		{7B3EC33E-4BC6-4321-9BF5-53131BAC4C83}.Debug|Any CPU.Build.0 = Debug|Any CPU
		{7B3EC33E-4BC6-4321-9BF5-53131BAC4C83}.Release|Any CPU.ActiveCfg = Release|Any CPU
		{7B3EC33E-4BC6-4321-9BF5-53131BAC4C83}.Release|Any CPU.Build.0 = Release|Any CPU
		{61DC6C85-DDBF-496C-A001-E66E5356B301}.Debug|Any CPU.ActiveCfg = Debug|Any CPU
		{61DC6C85-DDBF-496C-A001-E66E5356B301}.Debug|Any CPU.Build.0 = Debug|Any CPU
		{61DC6C85-DDBF-496C-A001-E66E5356B301}.Release|Any CPU.ActiveCfg = Release|Any CPU
		{61DC6C85-DDBF-496C-A001-E66E5356B301}.Release|Any CPU.Build.0 = Release|Any CPU
	EndGlobalSection
	GlobalSection(SolutionProperties) = preSolution
		HideSolutionNode = FALSE
	EndGlobalSection
	GlobalSection(ExtensibilityGlobals) = postSolution
		SolutionGuid = {FC79191B-7944-466A-9AFE-2D94A594A53A}
	EndGlobalSection
EndGlobal
